github.com/Masterminds/semver/v3 v3.2.1 h1:RN9w6+7QoMeJVGyfmbcgs28Br8cvmnucEXnY0rYXWg0=
github.com/Masterminds/semver/v3 v3.2.1/go.mod h1:qvl/7zhW3nngYb5+80sSMF+FG2BjYrf8m9wsX0PNOMQ=
github.com/aws/aws-cdk-go/awscdk/v2 v2.110.0 h1:8S0A69dgXzH+a5t6kH8FE64rOYjW90b3WWnsCbi9bMc=
github.com/aws/aws-cdk-go/awscdk/v2 v2.110.0/go.mod h1:NuvzNmRjbXEofQ35qpl8U+FtjiH+rNKFQXRzSWkOnI8=
github.com/aws/aws-cdk-go/awscdklambdagoalpha/v2 v2.110.0-alpha.0 h1:3oQarbcqToIZgczabQ5c7yUrQxdEhjNvbgdiXFkBVBQ=
github.com/aws/aws-cdk-go/awscdklambdagoalpha/v2 v2.110.0-alpha.0/go.mod h1:yCopylOZsyguoORbmBlb4XHmyoz1JZn1sOS9vl718sU=
github.com/aws/constructs-go/constructs/v10 v10.3.0 h1:LsjBIMiaDX/vqrXWhzTquBJ9pPdi02/H+z1DCwg0PEM=
github.com/aws/constructs-go/constructs/v10 v10.3.0/go.mod h1:GgzwIwoRJ2UYsr3SU+JhAl+gq5j39bEMYf8ev3J+s9s=
github.com/aws/jsii-runtime-go v1.91.0 h1:KJAgMbRY7/Cp2ocV5rIf4GmLBiFYYAMYVDeAebP2kfE=
github.com/aws/jsii-runtime-go v1.91.0/go.mod h1:xLBI2fKjWK68+eqqmvkv4HL1f4YUPLiAi5BT3wNUD74=
github.com/cdklabs/awscdk-asset-awscli-go/awscliv1/v2 v2.2.201 h1:0za9Qxne1jWawrxUnoli/zDVgBptS5nZpFrdLmxP5wA=
github.com/cdklabs/awscdk-asset-awscli-go/awscliv1/v2 v2.2.201/go.mod h1:SrEoz1cauDlwKmCqgcE6JsfbW54xuz0R5O5IADdjUHo=
github.com/cdklabs/awscdk-asset-kubectl-go/kubectlv20/v2 v2.1.2 h1:k+WD+6cERd59Mao84v0QtRrcdZuuSMfzlEmuIypKnVs=
github.com/cdklabs/awscdk-asset-kubectl-go/kubectlv20/v2 v2.1.2/go.mod h1:CvFHBo0qcg8LUkJqIxQtP1rD/sNGv9bX3L2vHT2FUAo=
github.com/cdklabs/awscdk-asset-node-proxy-agent-go/nodeproxyagentv6/v2 v2.0.1 h1:MBBQNKKPJ5GArbctgwpiCy7KmwGjHDjUUH5wEzwIq8w=
github.com/cdklabs/awscdk-asset-node-proxy-agent-go/nodeproxyagentv6/v2 v2.0.1/go.mod h1:/2WiXEft9s8ViJjD01CJqDuyJ8HXBjhBLtK5OvJfdSc=
